PODS:
  - AppCenter/Analytics (1.13.0):
    - AppCenter/Core
  - AppCenter/Core (1.13.0)
  - AppCenter/Crashes (1.13.0):
    - AppCenter/Core
  - AppCenterReactNativeShared (1.12.0):
    - AppCenter/Core (= 1.13.0)

DEPENDENCIES:
  - AppCenter/Analytics (~> 1.13.0)
  - AppCenter/Crashes (~> 1.13.0)
  - AppCenterReactNativeShared (~> 1.12.0)

SPEC REPOS:
  https://github.com/cocoapods/specs.git:
    - AppCenter
    - AppCenterReactNativeShared

SPEC CHECKSUMS:
  AppCenter: a70408f15de23f925001bfc7b7473094a009a4eb
  AppCenterReactNativeShared: 542de3c68bcec89fba964213048287592a443976

PODFILE CHECKSUM: d7e0aec0983e650b0a4258b71729186ecd8f0e92

COCOAPODS: 1.5.3
