PODS:
  - AppCenter/Analytics (1.13.2):
    - AppCenter/Core
  - AppCenter/Core (1.13.2)
  - AppCenter/Crashes (1.13.2):
    - AppCenter/Core
  - AppCenterReactNativeShared (1.12.2):
    - AppCenter/Core (= 1.13.2)

DEPENDENCIES:
  - AppCenter/Analytics (~> 1.13.0)
  - AppCenter/Crashes (~> 1.13.0)
  - AppCenterReactNativeShared (~> 1.12.0)

SPEC REPOS:
  https://github.com/cocoapods/specs.git:
    - AppCenter
    - AppCenterReactNativeShared

SPEC CHECKSUMS:
  AppCenter: bce7fe1098e8e8aeb70aaae1898600534069f549
  AppCenterReactNativeShared: 6c0750b874f3242c47cb64083e23b835975c6aa2

PODFILE CHECKSUM: d7e0aec0983e650b0a4258b71729186ecd8f0e92

COCOAPODS: 1.5.3
